
Microsoft Visual Studio Solution File, Format Version 12.00
# Visual Studio 14
VisualStudioVersion = 14.0.24720.0
MinimumVisualStudioVersion = 10.0.40219.1
Project("{FAE04EC0-301F-11D3-BF4B-00C04F79EFBC}") = "1.SquareRoot", "1.SquareRoot\1.SquareRoot.csproj", "{B2AE1A9A-9B28-42C0-82AA-AF2E62CD88DC}"
EndProject
Project("{FAE04EC0-301F-11D3-BF4B-00C04F79EFBC}") = "2.EnterNumbers", "2.EnterNumbers\2.EnterNumbers.csproj", "{70967505-458A-4758-A3BD-453C55E7771D}"
EndProject
Global
	GlobalSection(SolutionConfigurationPlatforms) = preSolution
		Debug|Any CPU = Debug|Any CPU
		Release|Any CPU = Release|Any CPU
	EndGlobalSection
	GlobalSection(ProjectConfigurationPlatforms) = postSolution
		{B2AE1A9A-9B28-42C0-82AA-AF2E62CD88DC}.Debug|Any CPU.ActiveCfg = Debug|Any CPU
		{B2AE1A9A-9B28-42C0-82AA-AF2E62CD88DC}.Debug|Any CPU.Build.0 = Debug|Any CPU
		{B2AE1A9A-9B28-42C0-82AA-AF2E62CD88DC}.Release|Any CPU.ActiveCfg = Release|Any CPU
		{B2AE1A9A-9B28-42C0-82AA-AF2E62CD88DC}.Release|Any CPU.Build.0 = Release|Any CPU
		{70967505-458A-4758-A3BD-453C55E7771D}.Debug|Any CPU.ActiveCfg = Debug|Any CPU
		{70967505-458A-4758-A3BD-453C55E7771D}.Debug|Any CPU.Build.0 = Debug|Any CPU
		{70967505-458A-4758-A3BD-453C55E7771D}.Release|Any CPU.ActiveCfg = Release|Any CPU
		{70967505-458A-4758-A3BD-453C55E7771D}.Release|Any CPU.Build.0 = Release|Any CPU
	EndGlobalSection
	GlobalSection(SolutionProperties) = preSolution
		HideSolutionNode = FALSE
	EndGlobalSection
EndGlobal
