
Microsoft Visual Studio Solution File, Format Version 12.00
# Visual Studio 14
VisualStudioVersion = 14.0.24720.0
MinimumVisualStudioVersion = 10.0.40219.1
Project("{FAE04EC0-301F-11D3-BF4B-00C04F79EFBC}") = "1.StudentsAndCourses", "1.StudentsAndCourses\1.StudentsAndCourses.csproj", "{7E67618E-475F-4DB3-BC5A-793D0BF401D5}"
EndProject
Project("{FAE04EC0-301F-11D3-BF4B-00C04F79EFBC}") = "1.StudentsAndCourses.Tests", "1.StudentsAndCourses.Tests\1.StudentsAndCourses.Tests.csproj", "{11542D43-9358-44CE-9FC3-5688E6DD2993}"
EndProject
Global
	GlobalSection(SolutionConfigurationPlatforms) = preSolution
		Debug|Any CPU = Debug|Any CPU
		Release|Any CPU = Release|Any CPU
	EndGlobalSection
	GlobalSection(ProjectConfigurationPlatforms) = postSolution
		{7E67618E-475F-4DB3-BC5A-793D0BF401D5}.Debug|Any CPU.ActiveCfg = Debug|Any CPU
		{7E67618E-475F-4DB3-BC5A-793D0BF401D5}.Debug|Any CPU.Build.0 = Debug|Any CPU
		{7E67618E-475F-4DB3-BC5A-793D0BF401D5}.Release|Any CPU.ActiveCfg = Release|Any CPU
		{7E67618E-475F-4DB3-BC5A-793D0BF401D5}.Release|Any CPU.Build.0 = Release|Any CPU
		{11542D43-9358-44CE-9FC3-5688E6DD2993}.Debug|Any CPU.ActiveCfg = Debug|Any CPU
		{11542D43-9358-44CE-9FC3-5688E6DD2993}.Debug|Any CPU.Build.0 = Debug|Any CPU
		{11542D43-9358-44CE-9FC3-5688E6DD2993}.Release|Any CPU.ActiveCfg = Release|Any CPU
		{11542D43-9358-44CE-9FC3-5688E6DD2993}.Release|Any CPU.Build.0 = Release|Any CPU
	EndGlobalSection
	GlobalSection(SolutionProperties) = preSolution
		HideSolutionNode = FALSE
	EndGlobalSection
EndGlobal
