
Microsoft Visual Studio Solution File, Format Version 12.00
# Visual Studio 14
VisualStudioVersion = 14.0.25420.1
MinimumVisualStudioVersion = 10.0.40219.1
Project("{FAE04EC0-301F-11D3-BF4B-00C04F79EFBC}") = "1.HelloWebForms", "1.HelloWebForms\1.HelloWebForms.csproj", "{7936E900-57ED-4487-952E-D0EAC87330E7}"
EndProject
Project("{FAE04EC0-301F-11D3-BF4B-00C04F79EFBC}") = "2.HelloASP", "2.HelloASP\2.HelloASP.csproj", "{69AE7665-74AC-4B7A-B203-A8309F2B3EEE}"
EndProject
Project("{FAE04EC0-301F-11D3-BF4B-00C04F79EFBC}") = "Lifecycle", "Lifecycle\Lifecycle.csproj", "{54F251B1-9D2B-43EA-8B09-BB259372C01D}"
EndProject
Global
	GlobalSection(SolutionConfigurationPlatforms) = preSolution
		Debug|Any CPU = Debug|Any CPU
		Release|Any CPU = Release|Any CPU
	EndGlobalSection
	GlobalSection(ProjectConfigurationPlatforms) = postSolution
		{7936E900-57ED-4487-952E-D0EAC87330E7}.Debug|Any CPU.ActiveCfg = Debug|Any CPU
		{7936E900-57ED-4487-952E-D0EAC87330E7}.Debug|Any CPU.Build.0 = Debug|Any CPU
		{7936E900-57ED-4487-952E-D0EAC87330E7}.Release|Any CPU.ActiveCfg = Release|Any CPU
		{7936E900-57ED-4487-952E-D0EAC87330E7}.Release|Any CPU.Build.0 = Release|Any CPU
		{69AE7665-74AC-4B7A-B203-A8309F2B3EEE}.Debug|Any CPU.ActiveCfg = Debug|Any CPU
		{69AE7665-74AC-4B7A-B203-A8309F2B3EEE}.Debug|Any CPU.Build.0 = Debug|Any CPU
		{69AE7665-74AC-4B7A-B203-A8309F2B3EEE}.Release|Any CPU.ActiveCfg = Release|Any CPU
		{69AE7665-74AC-4B7A-B203-A8309F2B3EEE}.Release|Any CPU.Build.0 = Release|Any CPU
		{54F251B1-9D2B-43EA-8B09-BB259372C01D}.Debug|Any CPU.ActiveCfg = Debug|Any CPU
		{54F251B1-9D2B-43EA-8B09-BB259372C01D}.Debug|Any CPU.Build.0 = Debug|Any CPU
		{54F251B1-9D2B-43EA-8B09-BB259372C01D}.Release|Any CPU.ActiveCfg = Release|Any CPU
		{54F251B1-9D2B-43EA-8B09-BB259372C01D}.Release|Any CPU.Build.0 = Release|Any CPU
	EndGlobalSection
	GlobalSection(SolutionProperties) = preSolution
		HideSolutionNode = FALSE
	EndGlobalSection
EndGlobal
