
Microsoft Visual Studio Solution File, Format Version 12.00
# Visual Studio 14
VisualStudioVersion = 14.0.24720.0
MinimumVisualStudioVersion = 10.0.40219.1
Project("{FAE04EC0-301F-11D3-BF4B-00C04F79EFBC}") = "SchoolClasses", "SchoolClasses\SchoolClasses.csproj", "{9E9F56A6-B7C3-4D43-9BEE-F565E7674376}"
EndProject
Project("{FAE04EC0-301F-11D3-BF4B-00C04F79EFBC}") = "SchoolClasses.School", "SchoolClasses.School\SchoolClasses.School.csproj", "{C74771EB-B0A5-4266-B314-A29277623100}"
EndProject
Project("{FAE04EC0-301F-11D3-BF4B-00C04F79EFBC}") = "StudentsAndWorkers", "StudentsAndWorkers\StudentsAndWorkers.csproj", "{2FF73707-D043-4C4A-8827-43AA250102EA}"
EndProject
Project("{FAE04EC0-301F-11D3-BF4B-00C04F79EFBC}") = "StudentsAndWorkers.List", "StudentsAndWorkers.List\StudentsAndWorkers.List.csproj", "{649B12E0-5278-4CA3-9E95-1FBF77CCF3D4}"
EndProject
Project("{2150E333-8FDC-42A3-9474-1A3956D46DE8}") = "1.SchoolClasses", "1.SchoolClasses", "{60A4F431-4E8C-4FCD-82A6-61B19EEEB989}"
EndProject
Project("{2150E333-8FDC-42A3-9474-1A3956D46DE8}") = "2.StudentsAndWorkers", "2.StudentsAndWorkers", "{37CDAB20-0B6A-4652-8F4B-519F7F39A584}"
EndProject
Project("{FAE04EC0-301F-11D3-BF4B-00C04F79EFBC}") = "AnimalHierarchy", "AnimalHierarchy\AnimalHierarchy.csproj", "{52C0C5E2-25A8-4918-BDCB-F6C8E4374D64}"
EndProject
Project("{FAE04EC0-301F-11D3-BF4B-00C04F79EFBC}") = "AnimalHierarchy.Animals", "AnimalHierarchy.Animals\AnimalHierarchy.Animals.csproj", "{025EE998-83AE-466D-A4B7-EAC3A7A9BCAF}"
EndProject
Project("{2150E333-8FDC-42A3-9474-1A3956D46DE8}") = "3.AnimalHierarchy", "3.AnimalHierarchy", "{AD16CA09-FA1B-4E21-AC73-1194F1926F41}"
EndProject
Global
	GlobalSection(SolutionConfigurationPlatforms) = preSolution
		Debug|Any CPU = Debug|Any CPU
		Release|Any CPU = Release|Any CPU
	EndGlobalSection
	GlobalSection(ProjectConfigurationPlatforms) = postSolution
		{9E9F56A6-B7C3-4D43-9BEE-F565E7674376}.Debug|Any CPU.ActiveCfg = Debug|Any CPU
		{9E9F56A6-B7C3-4D43-9BEE-F565E7674376}.Debug|Any CPU.Build.0 = Debug|Any CPU
		{9E9F56A6-B7C3-4D43-9BEE-F565E7674376}.Release|Any CPU.ActiveCfg = Release|Any CPU
		{9E9F56A6-B7C3-4D43-9BEE-F565E7674376}.Release|Any CPU.Build.0 = Release|Any CPU
		{C74771EB-B0A5-4266-B314-A29277623100}.Debug|Any CPU.ActiveCfg = Debug|Any CPU
		{C74771EB-B0A5-4266-B314-A29277623100}.Debug|Any CPU.Build.0 = Debug|Any CPU
		{C74771EB-B0A5-4266-B314-A29277623100}.Release|Any CPU.ActiveCfg = Release|Any CPU
		{C74771EB-B0A5-4266-B314-A29277623100}.Release|Any CPU.Build.0 = Release|Any CPU
		{2FF73707-D043-4C4A-8827-43AA250102EA}.Debug|Any CPU.ActiveCfg = Debug|Any CPU
		{2FF73707-D043-4C4A-8827-43AA250102EA}.Debug|Any CPU.Build.0 = Debug|Any CPU
		{2FF73707-D043-4C4A-8827-43AA250102EA}.Release|Any CPU.ActiveCfg = Release|Any CPU
		{2FF73707-D043-4C4A-8827-43AA250102EA}.Release|Any CPU.Build.0 = Release|Any CPU
		{649B12E0-5278-4CA3-9E95-1FBF77CCF3D4}.Debug|Any CPU.ActiveCfg = Debug|Any CPU
		{649B12E0-5278-4CA3-9E95-1FBF77CCF3D4}.Debug|Any CPU.Build.0 = Debug|Any CPU
		{649B12E0-5278-4CA3-9E95-1FBF77CCF3D4}.Release|Any CPU.ActiveCfg = Release|Any CPU
		{649B12E0-5278-4CA3-9E95-1FBF77CCF3D4}.Release|Any CPU.Build.0 = Release|Any CPU
		{52C0C5E2-25A8-4918-BDCB-F6C8E4374D64}.Debug|Any CPU.ActiveCfg = Debug|Any CPU
		{52C0C5E2-25A8-4918-BDCB-F6C8E4374D64}.Debug|Any CPU.Build.0 = Debug|Any CPU
		{52C0C5E2-25A8-4918-BDCB-F6C8E4374D64}.Release|Any CPU.ActiveCfg = Release|Any CPU
		{52C0C5E2-25A8-4918-BDCB-F6C8E4374D64}.Release|Any CPU.Build.0 = Release|Any CPU
		{025EE998-83AE-466D-A4B7-EAC3A7A9BCAF}.Debug|Any CPU.ActiveCfg = Debug|Any CPU
		{025EE998-83AE-466D-A4B7-EAC3A7A9BCAF}.Debug|Any CPU.Build.0 = Debug|Any CPU
		{025EE998-83AE-466D-A4B7-EAC3A7A9BCAF}.Release|Any CPU.ActiveCfg = Release|Any CPU
		{025EE998-83AE-466D-A4B7-EAC3A7A9BCAF}.Release|Any CPU.Build.0 = Release|Any CPU
	EndGlobalSection
	GlobalSection(SolutionProperties) = preSolution
		HideSolutionNode = FALSE
	EndGlobalSection
	GlobalSection(NestedProjects) = preSolution
		{9E9F56A6-B7C3-4D43-9BEE-F565E7674376} = {60A4F431-4E8C-4FCD-82A6-61B19EEEB989}
		{C74771EB-B0A5-4266-B314-A29277623100} = {60A4F431-4E8C-4FCD-82A6-61B19EEEB989}
		{2FF73707-D043-4C4A-8827-43AA250102EA} = {37CDAB20-0B6A-4652-8F4B-519F7F39A584}
		{649B12E0-5278-4CA3-9E95-1FBF77CCF3D4} = {37CDAB20-0B6A-4652-8F4B-519F7F39A584}
		{52C0C5E2-25A8-4918-BDCB-F6C8E4374D64} = {AD16CA09-FA1B-4E21-AC73-1194F1926F41}
		{025EE998-83AE-466D-A4B7-EAC3A7A9BCAF} = {AD16CA09-FA1B-4E21-AC73-1194F1926F41}
	EndGlobalSection
EndGlobal
