
Microsoft Visual Studio Solution File, Format Version 12.00
# Visual Studio 14
VisualStudioVersion = 14.0.24720.0
MinimumVisualStudioVersion = 10.0.40219.1
Project("{FAE04EC0-301F-11D3-BF4B-00C04F79EFBC}") = "1.StrangeLandNumbers", "1.StrangeLandNumbers\1.StrangeLandNumbers.csproj", "{926074F2-463C-4F56-97D5-E89A03232759}"
EndProject
Project("{FAE04EC0-301F-11D3-BF4B-00C04F79EFBC}") = "2.TwoGirlsOnePath", "2.TwoGirlsOnePath\2.TwoGirlsOnePath.csproj", "{5240D58A-4922-498F-8B93-CB7B09B5B242}"
EndProject
Project("{FAE04EC0-301F-11D3-BF4B-00C04F79EFBC}") = "3.Digits", "3.Digits\3.Digits.csproj", "{8BCA6A06-C24B-41C7-BCC2-A2883B9E0D45}"
EndProject
Project("{FAE04EC0-301F-11D3-BF4B-00C04F79EFBC}") = "4.RelevanceIndex", "4.RelevanceIndex\4.RelevanceIndex.csproj", "{44938E8F-FECF-4FE9-B4E5-4BD3FA6EAD6A}"
EndProject
Project("{FAE04EC0-301F-11D3-BF4B-00C04F79EFBC}") = "5.DogeCoin", "5.DogeCoin\5.DogeCoin.csproj", "{1786398F-4A9C-40E9-912A-CEA58CC7CCA1}"
EndProject
Global
	GlobalSection(SolutionConfigurationPlatforms) = preSolution
		Debug|Any CPU = Debug|Any CPU
		Release|Any CPU = Release|Any CPU
	EndGlobalSection
	GlobalSection(ProjectConfigurationPlatforms) = postSolution
		{926074F2-463C-4F56-97D5-E89A03232759}.Debug|Any CPU.ActiveCfg = Debug|Any CPU
		{926074F2-463C-4F56-97D5-E89A03232759}.Debug|Any CPU.Build.0 = Debug|Any CPU
		{926074F2-463C-4F56-97D5-E89A03232759}.Release|Any CPU.ActiveCfg = Release|Any CPU
		{926074F2-463C-4F56-97D5-E89A03232759}.Release|Any CPU.Build.0 = Release|Any CPU
		{5240D58A-4922-498F-8B93-CB7B09B5B242}.Debug|Any CPU.ActiveCfg = Debug|Any CPU
		{5240D58A-4922-498F-8B93-CB7B09B5B242}.Debug|Any CPU.Build.0 = Debug|Any CPU
		{5240D58A-4922-498F-8B93-CB7B09B5B242}.Release|Any CPU.ActiveCfg = Release|Any CPU
		{5240D58A-4922-498F-8B93-CB7B09B5B242}.Release|Any CPU.Build.0 = Release|Any CPU
		{8BCA6A06-C24B-41C7-BCC2-A2883B9E0D45}.Debug|Any CPU.ActiveCfg = Debug|Any CPU
		{8BCA6A06-C24B-41C7-BCC2-A2883B9E0D45}.Debug|Any CPU.Build.0 = Debug|Any CPU
		{8BCA6A06-C24B-41C7-BCC2-A2883B9E0D45}.Release|Any CPU.ActiveCfg = Release|Any CPU
		{8BCA6A06-C24B-41C7-BCC2-A2883B9E0D45}.Release|Any CPU.Build.0 = Release|Any CPU
		{44938E8F-FECF-4FE9-B4E5-4BD3FA6EAD6A}.Debug|Any CPU.ActiveCfg = Debug|Any CPU
		{44938E8F-FECF-4FE9-B4E5-4BD3FA6EAD6A}.Debug|Any CPU.Build.0 = Debug|Any CPU
		{44938E8F-FECF-4FE9-B4E5-4BD3FA6EAD6A}.Release|Any CPU.ActiveCfg = Release|Any CPU
		{44938E8F-FECF-4FE9-B4E5-4BD3FA6EAD6A}.Release|Any CPU.Build.0 = Release|Any CPU
		{1786398F-4A9C-40E9-912A-CEA58CC7CCA1}.Debug|Any CPU.ActiveCfg = Debug|Any CPU
		{1786398F-4A9C-40E9-912A-CEA58CC7CCA1}.Debug|Any CPU.Build.0 = Debug|Any CPU
		{1786398F-4A9C-40E9-912A-CEA58CC7CCA1}.Release|Any CPU.ActiveCfg = Release|Any CPU
		{1786398F-4A9C-40E9-912A-CEA58CC7CCA1}.Release|Any CPU.Build.0 = Release|Any CPU
	EndGlobalSection
	GlobalSection(SolutionProperties) = preSolution
		HideSolutionNode = FALSE
	EndGlobalSection
EndGlobal
