
Microsoft Visual Studio Solution File, Format Version 12.00
# Visual Studio 14
VisualStudioVersion = 14.0.24720.0
MinimumVisualStudioVersion = 10.0.40219.1
Project("{FAE04EC0-301F-11D3-BF4B-00C04F79EFBC}") = "Size", "Size\Size.csproj", "{206A62D5-BD7A-4FC9-951B-FEA32D52B355}"
EndProject
Project("{FAE04EC0-301F-11D3-BF4B-00C04F79EFBC}") = "Statistics", "Statistics\Statistics.csproj", "{BBF596A5-8E21-42FF-B4AD-4D90EC65C64F}"
EndProject
Global
	GlobalSection(SolutionConfigurationPlatforms) = preSolution
		Debug|Any CPU = Debug|Any CPU
		Release|Any CPU = Release|Any CPU
	EndGlobalSection
	GlobalSection(ProjectConfigurationPlatforms) = postSolution
		{206A62D5-BD7A-4FC9-951B-FEA32D52B355}.Debug|Any CPU.ActiveCfg = Debug|Any CPU
		{206A62D5-BD7A-4FC9-951B-FEA32D52B355}.Debug|Any CPU.Build.0 = Debug|Any CPU
		{206A62D5-BD7A-4FC9-951B-FEA32D52B355}.Release|Any CPU.ActiveCfg = Release|Any CPU
		{206A62D5-BD7A-4FC9-951B-FEA32D52B355}.Release|Any CPU.Build.0 = Release|Any CPU
		{BBF596A5-8E21-42FF-B4AD-4D90EC65C64F}.Debug|Any CPU.ActiveCfg = Debug|Any CPU
		{BBF596A5-8E21-42FF-B4AD-4D90EC65C64F}.Debug|Any CPU.Build.0 = Debug|Any CPU
		{BBF596A5-8E21-42FF-B4AD-4D90EC65C64F}.Release|Any CPU.ActiveCfg = Release|Any CPU
		{BBF596A5-8E21-42FF-B4AD-4D90EC65C64F}.Release|Any CPU.Build.0 = Release|Any CPU
	EndGlobalSection
	GlobalSection(SolutionProperties) = preSolution
		HideSolutionNode = FALSE
	EndGlobalSection
EndGlobal
