
Microsoft Visual Studio Solution File, Format Version 12.00
# Visual Studio 14
VisualStudioVersion = 14.0.24720.0
MinimumVisualStudioVersion = 10.0.40219.1
Project("{FAE04EC0-301F-11D3-BF4B-00C04F79EFBC}") = "1.AllocateArray", "1.AllocateArray\1.AllocateArray.csproj", "{98F4B8DE-9F02-48D4-98CA-4097CD4368EC}"
EndProject
Project("{FAE04EC0-301F-11D3-BF4B-00C04F79EFBC}") = "2.CompareArrays", "2.CompareArrays\2.CompareArrays.csproj", "{4A9D8CF2-CE0A-468A-B0EE-CF9E2FB1BBC8}"
EndProject
Project("{FAE04EC0-301F-11D3-BF4B-00C04F79EFBC}") = "3.CompareCharArrays", "3.CompareCharArrays\3.CompareCharArrays.csproj", "{D891C138-2C72-467F-9779-250C64551C0B}"
EndProject
Project("{FAE04EC0-301F-11D3-BF4B-00C04F79EFBC}") = "4.MaximalSequence", "4.MaximalSequence\4.MaximalSequence.csproj", "{9152ABF9-FBA6-4074-A9AD-811E9342D321}"
EndProject
Project("{FAE04EC0-301F-11D3-BF4B-00C04F79EFBC}") = "5.MaximalIncreasingSequence", "5.MaximalIncreasingSequence\5.MaximalIncreasingSequence.csproj", "{C5F6704A-17DF-43B7-ACE1-CF59801B7508}"
EndProject
Project("{FAE04EC0-301F-11D3-BF4B-00C04F79EFBC}") = "6.MaximalKSum", "6.MaximalKSum\6.MaximalKSum.csproj", "{FB88E83C-DCB6-41E1-8451-B8AF1FA2B618}"
EndProject
Project("{FAE04EC0-301F-11D3-BF4B-00C04F79EFBC}") = "7.SelectionSort", "7.SelectionSort\7.SelectionSort.csproj", "{FF328204-8573-4217-8897-831845A9774A}"
EndProject
Project("{FAE04EC0-301F-11D3-BF4B-00C04F79EFBC}") = "8.MaximalSum", "8.MaximalSum\8.MaximalSum.csproj", "{2FDAE88C-ED4A-4F86-B4F8-D4F58EAE44EC}"
EndProject
Project("{FAE04EC0-301F-11D3-BF4B-00C04F79EFBC}") = "9.FrequentNumber", "9.FrequentNumber\9.FrequentNumber.csproj", "{0784AFBD-15FB-4B1B-BE35-6410B864791A}"
EndProject
Project("{FAE04EC0-301F-11D3-BF4B-00C04F79EFBC}") = "11.BinarySearch", "11.BinarySearch\11.BinarySearch.csproj", "{9535814D-8A9E-4275-9D1E-DD5A508D996E}"
EndProject
Project("{FAE04EC0-301F-11D3-BF4B-00C04F79EFBC}") = "12.IndexOfLetters", "12.IndexOfLetters\12.IndexOfLetters.csproj", "{8C2B386D-D86C-4C80-A413-BF2C12404AE1}"
EndProject
Project("{FAE04EC0-301F-11D3-BF4B-00C04F79EFBC}") = "13.MergeSort", "13.MergeSort\13.MergeSort.csproj", "{CC506D3B-CC95-4B81-B2C5-B6879D2B14F0}"
EndProject
Project("{FAE04EC0-301F-11D3-BF4B-00C04F79EFBC}") = "14.QuickSort", "14.QuickSort\14.QuickSort.csproj", "{EEC14D17-E826-4C18-AAEB-8F37C46A8414}"
EndProject
Project("{FAE04EC0-301F-11D3-BF4B-00C04F79EFBC}") = "15.PrimeNumbers", "15.PrimeNumbers\15.PrimeNumbers.csproj", "{B63900FB-D280-4165-83EF-DB92D0BD32B9}"
EndProject
Project("{FAE04EC0-301F-11D3-BF4B-00C04F79EFBC}") = "16.RemoveElements", "16.RemoveElements\16.RemoveElements.csproj", "{68BA13DD-A9A3-4E27-AAF0-14D44F11A3DB}"
EndProject
Project("{FAE04EC0-301F-11D3-BF4B-00C04F79EFBC}") = "10.FindSumInArray", "10.FindSumInArray\10.FindSumInArray.csproj", "{A2A219CD-F5F4-4D2F-84B4-F44782A47C93}"
EndProject
Global
	GlobalSection(SolutionConfigurationPlatforms) = preSolution
		Debug|Any CPU = Debug|Any CPU
		Release|Any CPU = Release|Any CPU
	EndGlobalSection
	GlobalSection(ProjectConfigurationPlatforms) = postSolution
		{98F4B8DE-9F02-48D4-98CA-4097CD4368EC}.Debug|Any CPU.ActiveCfg = Debug|Any CPU
		{98F4B8DE-9F02-48D4-98CA-4097CD4368EC}.Debug|Any CPU.Build.0 = Debug|Any CPU
		{98F4B8DE-9F02-48D4-98CA-4097CD4368EC}.Release|Any CPU.ActiveCfg = Release|Any CPU
		{98F4B8DE-9F02-48D4-98CA-4097CD4368EC}.Release|Any CPU.Build.0 = Release|Any CPU
		{4A9D8CF2-CE0A-468A-B0EE-CF9E2FB1BBC8}.Debug|Any CPU.ActiveCfg = Debug|Any CPU
		{4A9D8CF2-CE0A-468A-B0EE-CF9E2FB1BBC8}.Debug|Any CPU.Build.0 = Debug|Any CPU
		{4A9D8CF2-CE0A-468A-B0EE-CF9E2FB1BBC8}.Release|Any CPU.ActiveCfg = Release|Any CPU
		{4A9D8CF2-CE0A-468A-B0EE-CF9E2FB1BBC8}.Release|Any CPU.Build.0 = Release|Any CPU
		{D891C138-2C72-467F-9779-250C64551C0B}.Debug|Any CPU.ActiveCfg = Debug|Any CPU
		{D891C138-2C72-467F-9779-250C64551C0B}.Debug|Any CPU.Build.0 = Debug|Any CPU
		{D891C138-2C72-467F-9779-250C64551C0B}.Release|Any CPU.ActiveCfg = Release|Any CPU
		{D891C138-2C72-467F-9779-250C64551C0B}.Release|Any CPU.Build.0 = Release|Any CPU
		{9152ABF9-FBA6-4074-A9AD-811E9342D321}.Debug|Any CPU.ActiveCfg = Debug|Any CPU
		{9152ABF9-FBA6-4074-A9AD-811E9342D321}.Debug|Any CPU.Build.0 = Debug|Any CPU
		{9152ABF9-FBA6-4074-A9AD-811E9342D321}.Release|Any CPU.ActiveCfg = Release|Any CPU
		{9152ABF9-FBA6-4074-A9AD-811E9342D321}.Release|Any CPU.Build.0 = Release|Any CPU
		{C5F6704A-17DF-43B7-ACE1-CF59801B7508}.Debug|Any CPU.ActiveCfg = Debug|Any CPU
		{C5F6704A-17DF-43B7-ACE1-CF59801B7508}.Debug|Any CPU.Build.0 = Debug|Any CPU
		{C5F6704A-17DF-43B7-ACE1-CF59801B7508}.Release|Any CPU.ActiveCfg = Release|Any CPU
		{C5F6704A-17DF-43B7-ACE1-CF59801B7508}.Release|Any CPU.Build.0 = Release|Any CPU
		{FB88E83C-DCB6-41E1-8451-B8AF1FA2B618}.Debug|Any CPU.ActiveCfg = Debug|Any CPU
		{FB88E83C-DCB6-41E1-8451-B8AF1FA2B618}.Debug|Any CPU.Build.0 = Debug|Any CPU
		{FB88E83C-DCB6-41E1-8451-B8AF1FA2B618}.Release|Any CPU.ActiveCfg = Release|Any CPU
		{FB88E83C-DCB6-41E1-8451-B8AF1FA2B618}.Release|Any CPU.Build.0 = Release|Any CPU
		{FF328204-8573-4217-8897-831845A9774A}.Debug|Any CPU.ActiveCfg = Debug|Any CPU
		{FF328204-8573-4217-8897-831845A9774A}.Debug|Any CPU.Build.0 = Debug|Any CPU
		{FF328204-8573-4217-8897-831845A9774A}.Release|Any CPU.ActiveCfg = Release|Any CPU
		{FF328204-8573-4217-8897-831845A9774A}.Release|Any CPU.Build.0 = Release|Any CPU
		{2FDAE88C-ED4A-4F86-B4F8-D4F58EAE44EC}.Debug|Any CPU.ActiveCfg = Debug|Any CPU
		{2FDAE88C-ED4A-4F86-B4F8-D4F58EAE44EC}.Debug|Any CPU.Build.0 = Debug|Any CPU
		{2FDAE88C-ED4A-4F86-B4F8-D4F58EAE44EC}.Release|Any CPU.ActiveCfg = Release|Any CPU
		{2FDAE88C-ED4A-4F86-B4F8-D4F58EAE44EC}.Release|Any CPU.Build.0 = Release|Any CPU
		{0784AFBD-15FB-4B1B-BE35-6410B864791A}.Debug|Any CPU.ActiveCfg = Debug|Any CPU
		{0784AFBD-15FB-4B1B-BE35-6410B864791A}.Debug|Any CPU.Build.0 = Debug|Any CPU
		{0784AFBD-15FB-4B1B-BE35-6410B864791A}.Release|Any CPU.ActiveCfg = Release|Any CPU
		{0784AFBD-15FB-4B1B-BE35-6410B864791A}.Release|Any CPU.Build.0 = Release|Any CPU
		{9535814D-8A9E-4275-9D1E-DD5A508D996E}.Debug|Any CPU.ActiveCfg = Debug|Any CPU
		{9535814D-8A9E-4275-9D1E-DD5A508D996E}.Debug|Any CPU.Build.0 = Debug|Any CPU
		{9535814D-8A9E-4275-9D1E-DD5A508D996E}.Release|Any CPU.ActiveCfg = Release|Any CPU
		{9535814D-8A9E-4275-9D1E-DD5A508D996E}.Release|Any CPU.Build.0 = Release|Any CPU
		{8C2B386D-D86C-4C80-A413-BF2C12404AE1}.Debug|Any CPU.ActiveCfg = Debug|Any CPU
		{8C2B386D-D86C-4C80-A413-BF2C12404AE1}.Debug|Any CPU.Build.0 = Debug|Any CPU
		{8C2B386D-D86C-4C80-A413-BF2C12404AE1}.Release|Any CPU.ActiveCfg = Release|Any CPU
		{8C2B386D-D86C-4C80-A413-BF2C12404AE1}.Release|Any CPU.Build.0 = Release|Any CPU
		{CC506D3B-CC95-4B81-B2C5-B6879D2B14F0}.Debug|Any CPU.ActiveCfg = Debug|Any CPU
		{CC506D3B-CC95-4B81-B2C5-B6879D2B14F0}.Debug|Any CPU.Build.0 = Debug|Any CPU
		{CC506D3B-CC95-4B81-B2C5-B6879D2B14F0}.Release|Any CPU.ActiveCfg = Release|Any CPU
		{CC506D3B-CC95-4B81-B2C5-B6879D2B14F0}.Release|Any CPU.Build.0 = Release|Any CPU
		{EEC14D17-E826-4C18-AAEB-8F37C46A8414}.Debug|Any CPU.ActiveCfg = Debug|Any CPU
		{EEC14D17-E826-4C18-AAEB-8F37C46A8414}.Debug|Any CPU.Build.0 = Debug|Any CPU
		{EEC14D17-E826-4C18-AAEB-8F37C46A8414}.Release|Any CPU.ActiveCfg = Release|Any CPU
		{EEC14D17-E826-4C18-AAEB-8F37C46A8414}.Release|Any CPU.Build.0 = Release|Any CPU
		{B63900FB-D280-4165-83EF-DB92D0BD32B9}.Debug|Any CPU.ActiveCfg = Debug|Any CPU
		{B63900FB-D280-4165-83EF-DB92D0BD32B9}.Debug|Any CPU.Build.0 = Debug|Any CPU
		{B63900FB-D280-4165-83EF-DB92D0BD32B9}.Release|Any CPU.ActiveCfg = Release|Any CPU
		{B63900FB-D280-4165-83EF-DB92D0BD32B9}.Release|Any CPU.Build.0 = Release|Any CPU
		{68BA13DD-A9A3-4E27-AAF0-14D44F11A3DB}.Debug|Any CPU.ActiveCfg = Debug|Any CPU
		{68BA13DD-A9A3-4E27-AAF0-14D44F11A3DB}.Debug|Any CPU.Build.0 = Debug|Any CPU
		{68BA13DD-A9A3-4E27-AAF0-14D44F11A3DB}.Release|Any CPU.ActiveCfg = Release|Any CPU
		{68BA13DD-A9A3-4E27-AAF0-14D44F11A3DB}.Release|Any CPU.Build.0 = Release|Any CPU
		{A2A219CD-F5F4-4D2F-84B4-F44782A47C93}.Debug|Any CPU.ActiveCfg = Debug|Any CPU
		{A2A219CD-F5F4-4D2F-84B4-F44782A47C93}.Debug|Any CPU.Build.0 = Debug|Any CPU
		{A2A219CD-F5F4-4D2F-84B4-F44782A47C93}.Release|Any CPU.ActiveCfg = Release|Any CPU
		{A2A219CD-F5F4-4D2F-84B4-F44782A47C93}.Release|Any CPU.Build.0 = Release|Any CPU
	EndGlobalSection
	GlobalSection(SolutionProperties) = preSolution
		HideSolutionNode = FALSE
	EndGlobalSection
EndGlobal
