
Microsoft Visual Studio Solution File, Format Version 12.00
# Visual Studio 14
VisualStudioVersion = 14.0.24720.0
MinimumVisualStudioVersion = 10.0.40219.1
Project("{FAE04EC0-301F-11D3-BF4B-00C04F79EFBC}") = "01.FillTheMatrix", "01.FillTheMatrix\01.FillTheMatrix.csproj", "{0D248E89-EE01-4DC7-9263-B94C80341E7B}"
EndProject
Project("{FAE04EC0-301F-11D3-BF4B-00C04F79EFBC}") = "2.MaximalSum", "2.MaximalSum\2.MaximalSum.csproj", "{57C0CF70-89ED-4883-A91B-F3FDBB82280D}"
EndProject
Project("{FAE04EC0-301F-11D3-BF4B-00C04F79EFBC}") = "3,SequenceInMatrix", "3,SequenceInMatrix\3,SequenceInMatrix.csproj", "{F2EBB0CB-BBB4-4E54-8EEB-60EDBA1342EC}"
EndProject
Project("{FAE04EC0-301F-11D3-BF4B-00C04F79EFBC}") = "7.LargestAreaInMatrix", "7.LargestAreaInMatrix\7.LargestAreaInMatrix.csproj", "{20F44AAD-0BD6-4E90-A2BC-9A7EDA3E2D6E}"
EndProject
Global
	GlobalSection(SolutionConfigurationPlatforms) = preSolution
		Debug|Any CPU = Debug|Any CPU
		Release|Any CPU = Release|Any CPU
	EndGlobalSection
	GlobalSection(ProjectConfigurationPlatforms) = postSolution
		{0D248E89-EE01-4DC7-9263-B94C80341E7B}.Debug|Any CPU.ActiveCfg = Debug|Any CPU
		{0D248E89-EE01-4DC7-9263-B94C80341E7B}.Debug|Any CPU.Build.0 = Debug|Any CPU
		{0D248E89-EE01-4DC7-9263-B94C80341E7B}.Release|Any CPU.ActiveCfg = Release|Any CPU
		{0D248E89-EE01-4DC7-9263-B94C80341E7B}.Release|Any CPU.Build.0 = Release|Any CPU
		{57C0CF70-89ED-4883-A91B-F3FDBB82280D}.Debug|Any CPU.ActiveCfg = Debug|Any CPU
		{57C0CF70-89ED-4883-A91B-F3FDBB82280D}.Debug|Any CPU.Build.0 = Debug|Any CPU
		{57C0CF70-89ED-4883-A91B-F3FDBB82280D}.Release|Any CPU.ActiveCfg = Release|Any CPU
		{57C0CF70-89ED-4883-A91B-F3FDBB82280D}.Release|Any CPU.Build.0 = Release|Any CPU
		{F2EBB0CB-BBB4-4E54-8EEB-60EDBA1342EC}.Debug|Any CPU.ActiveCfg = Debug|Any CPU
		{F2EBB0CB-BBB4-4E54-8EEB-60EDBA1342EC}.Debug|Any CPU.Build.0 = Debug|Any CPU
		{F2EBB0CB-BBB4-4E54-8EEB-60EDBA1342EC}.Release|Any CPU.ActiveCfg = Release|Any CPU
		{F2EBB0CB-BBB4-4E54-8EEB-60EDBA1342EC}.Release|Any CPU.Build.0 = Release|Any CPU
		{20F44AAD-0BD6-4E90-A2BC-9A7EDA3E2D6E}.Debug|Any CPU.ActiveCfg = Debug|Any CPU
		{20F44AAD-0BD6-4E90-A2BC-9A7EDA3E2D6E}.Debug|Any CPU.Build.0 = Debug|Any CPU
		{20F44AAD-0BD6-4E90-A2BC-9A7EDA3E2D6E}.Release|Any CPU.ActiveCfg = Release|Any CPU
		{20F44AAD-0BD6-4E90-A2BC-9A7EDA3E2D6E}.Release|Any CPU.Build.0 = Release|Any CPU
	EndGlobalSection
	GlobalSection(SolutionProperties) = preSolution
		HideSolutionNode = FALSE
	EndGlobalSection
EndGlobal
