
Microsoft Visual Studio Solution File, Format Version 12.00
# Visual Studio 14
VisualStudioVersion = 14.0.24720.0
MinimumVisualStudioVersion = 10.0.40219.1
Project("{FAE04EC0-301F-11D3-BF4B-00C04F79EFBC}") = "Chef", "Chef\Chef.csproj", "{65143E8F-7FFC-492A-86C1-533E5EEFF7B7}"
EndProject
Project("{FAE04EC0-301F-11D3-BF4B-00C04F79EFBC}") = "Task2", "Task2\Task2.csproj", "{8876341A-15FB-4861-8C19-C8E03EF83FF7}"
EndProject
Project("{FAE04EC0-301F-11D3-BF4B-00C04F79EFBC}") = "Task3", "Task3\Task3.csproj", "{E37E28BA-A523-435A-A8FB-F20495F61E86}"
EndProject
Global
	GlobalSection(SolutionConfigurationPlatforms) = preSolution
		Debug|Any CPU = Debug|Any CPU
		Release|Any CPU = Release|Any CPU
	EndGlobalSection
	GlobalSection(ProjectConfigurationPlatforms) = postSolution
		{65143E8F-7FFC-492A-86C1-533E5EEFF7B7}.Debug|Any CPU.ActiveCfg = Debug|Any CPU
		{65143E8F-7FFC-492A-86C1-533E5EEFF7B7}.Debug|Any CPU.Build.0 = Debug|Any CPU
		{65143E8F-7FFC-492A-86C1-533E5EEFF7B7}.Release|Any CPU.ActiveCfg = Release|Any CPU
		{65143E8F-7FFC-492A-86C1-533E5EEFF7B7}.Release|Any CPU.Build.0 = Release|Any CPU
		{8876341A-15FB-4861-8C19-C8E03EF83FF7}.Debug|Any CPU.ActiveCfg = Debug|Any CPU
		{8876341A-15FB-4861-8C19-C8E03EF83FF7}.Debug|Any CPU.Build.0 = Debug|Any CPU
		{8876341A-15FB-4861-8C19-C8E03EF83FF7}.Release|Any CPU.ActiveCfg = Release|Any CPU
		{8876341A-15FB-4861-8C19-C8E03EF83FF7}.Release|Any CPU.Build.0 = Release|Any CPU
		{E37E28BA-A523-435A-A8FB-F20495F61E86}.Debug|Any CPU.ActiveCfg = Debug|Any CPU
		{E37E28BA-A523-435A-A8FB-F20495F61E86}.Debug|Any CPU.Build.0 = Debug|Any CPU
		{E37E28BA-A523-435A-A8FB-F20495F61E86}.Release|Any CPU.ActiveCfg = Release|Any CPU
		{E37E28BA-A523-435A-A8FB-F20495F61E86}.Release|Any CPU.Build.0 = Release|Any CPU
	EndGlobalSection
	GlobalSection(SolutionProperties) = preSolution
		HideSolutionNode = FALSE
	EndGlobalSection
EndGlobal
