
Microsoft Visual Studio Solution File, Format Version 12.00
# Visual Studio 14
VisualStudioVersion = 14.0.24720.0
MinimumVisualStudioVersion = 10.0.40219.1
Project("{2150E333-8FDC-42A3-9474-1A3956D46DE8}") = "1.Shapes", "1.Shapes", "{2823989A-008E-421B-AADD-31C9507F4144}"
EndProject
Project("{FAE04EC0-301F-11D3-BF4B-00C04F79EFBC}") = "Shapes", "Shapes\Shapes.csproj", "{4F8D4B5F-5998-492D-AA45-0731BF4ACB52}"
EndProject
Project("{2150E333-8FDC-42A3-9474-1A3956D46DE8}") = "2.BankAccounts", "2.BankAccounts", "{B22A9BF0-E5F3-4E00-83A7-39A733097EE3}"
EndProject
Project("{FAE04EC0-301F-11D3-BF4B-00C04F79EFBC}") = "BankAccounts", "BankAccounts\BankAccounts.csproj", "{2F790474-BE06-4E53-8D50-3E4DB741870E}"
EndProject
Project("{2150E333-8FDC-42A3-9474-1A3956D46DE8}") = "3.RangeExceptions", "3.RangeExceptions", "{829B176F-12B8-4BE3-9DE1-96C8B349E00C}"
EndProject
Project("{FAE04EC0-301F-11D3-BF4B-00C04F79EFBC}") = "RangeException", "RangeException\RangeException.csproj", "{7BA882E0-B279-46E2-A757-C8E2C212E038}"
EndProject
Global
	GlobalSection(SolutionConfigurationPlatforms) = preSolution
		Debug|Any CPU = Debug|Any CPU
		Release|Any CPU = Release|Any CPU
	EndGlobalSection
	GlobalSection(ProjectConfigurationPlatforms) = postSolution
		{4F8D4B5F-5998-492D-AA45-0731BF4ACB52}.Debug|Any CPU.ActiveCfg = Debug|Any CPU
		{4F8D4B5F-5998-492D-AA45-0731BF4ACB52}.Debug|Any CPU.Build.0 = Debug|Any CPU
		{4F8D4B5F-5998-492D-AA45-0731BF4ACB52}.Release|Any CPU.ActiveCfg = Release|Any CPU
		{4F8D4B5F-5998-492D-AA45-0731BF4ACB52}.Release|Any CPU.Build.0 = Release|Any CPU
		{2F790474-BE06-4E53-8D50-3E4DB741870E}.Debug|Any CPU.ActiveCfg = Debug|Any CPU
		{2F790474-BE06-4E53-8D50-3E4DB741870E}.Debug|Any CPU.Build.0 = Debug|Any CPU
		{2F790474-BE06-4E53-8D50-3E4DB741870E}.Release|Any CPU.ActiveCfg = Release|Any CPU
		{2F790474-BE06-4E53-8D50-3E4DB741870E}.Release|Any CPU.Build.0 = Release|Any CPU
		{7BA882E0-B279-46E2-A757-C8E2C212E038}.Debug|Any CPU.ActiveCfg = Debug|Any CPU
		{7BA882E0-B279-46E2-A757-C8E2C212E038}.Debug|Any CPU.Build.0 = Debug|Any CPU
		{7BA882E0-B279-46E2-A757-C8E2C212E038}.Release|Any CPU.ActiveCfg = Release|Any CPU
		{7BA882E0-B279-46E2-A757-C8E2C212E038}.Release|Any CPU.Build.0 = Release|Any CPU
	EndGlobalSection
	GlobalSection(SolutionProperties) = preSolution
		HideSolutionNode = FALSE
	EndGlobalSection
	GlobalSection(NestedProjects) = preSolution
		{4F8D4B5F-5998-492D-AA45-0731BF4ACB52} = {2823989A-008E-421B-AADD-31C9507F4144}
		{2F790474-BE06-4E53-8D50-3E4DB741870E} = {B22A9BF0-E5F3-4E00-83A7-39A733097EE3}
		{7BA882E0-B279-46E2-A757-C8E2C212E038} = {829B176F-12B8-4BE3-9DE1-96C8B349E00C}
	EndGlobalSection
EndGlobal
