
Microsoft Visual Studio Solution File, Format Version 12.00
# Visual Studio 14
VisualStudioVersion = 14.0.24720.0
MinimumVisualStudioVersion = 10.0.40219.1
Project("{FAE04EC0-301F-11D3-BF4B-00C04F79EFBC}") = "02.ReverseString", "02.ReverseString\02.ReverseString.csproj", "{EBB6165E-4E5E-4DB3-B02E-914BA29F340B}"
EndProject
Project("{FAE04EC0-301F-11D3-BF4B-00C04F79EFBC}") = "03.CorrectBrackets", "03.CorrectBrackets\03.CorrectBrackets.csproj", "{5051A708-6C07-4619-9CB2-99963DD9DCF4}"
EndProject
Project("{FAE04EC0-301F-11D3-BF4B-00C04F79EFBC}") = "04.SubstringInText", "04.SubstringInText\04.SubstringInText.csproj", "{D365F350-D37E-443E-B344-C847240EC8B2}"
EndProject
Project("{FAE04EC0-301F-11D3-BF4B-00C04F79EFBC}") = "05.ParseTags", "05.ParseTags\05.ParseTags.csproj", "{DE700AC2-EBD0-40E2-98BE-C985E60D726B}"
EndProject
Project("{FAE04EC0-301F-11D3-BF4B-00C04F79EFBC}") = "06.StringLength", "06.StringLength\06.StringLength.csproj", "{A4293078-5806-4A77-B6D4-8E441E6BA008}"
EndProject
Project("{FAE04EC0-301F-11D3-BF4B-00C04F79EFBC}") = "08.ExtractSentences", "08.ExtractSentences\08.ExtractSentences.csproj", "{D3038B26-A864-45C9-9C52-89D7BA6D932A}"
EndProject
Project("{FAE04EC0-301F-11D3-BF4B-00C04F79EFBC}") = "10.UnicodeCharacters", "10.UnicodeCharacters\10.UnicodeCharacters.csproj", "{B6621F99-FF73-45B7-BFC4-00584BB3FBA8}"
EndProject
Project("{FAE04EC0-301F-11D3-BF4B-00C04F79EFBC}") = "12.ParseUrl", "12.ParseUrl\12.ParseUrl.csproj", "{BFBCDBA7-006C-40E0-9D92-E8B1034D6293}"
EndProject
Project("{FAE04EC0-301F-11D3-BF4B-00C04F79EFBC}") = "15.ReplaceTags", "15.ReplaceTags\15.ReplaceTags.csproj", "{6D11A59B-0A64-4C73-8852-86C41C278E7F}"
EndProject
Project("{FAE04EC0-301F-11D3-BF4B-00C04F79EFBC}") = "23.SeriesOfLetters", "23.SeriesOfLetters\23.SeriesOfLetters.csproj", "{0DAB74A8-77AE-40D6-9FC8-C618A7BA6100}"
EndProject
Global
	GlobalSection(SolutionConfigurationPlatforms) = preSolution
		Debug|Any CPU = Debug|Any CPU
		Release|Any CPU = Release|Any CPU
	EndGlobalSection
	GlobalSection(ProjectConfigurationPlatforms) = postSolution
		{EBB6165E-4E5E-4DB3-B02E-914BA29F340B}.Debug|Any CPU.ActiveCfg = Debug|Any CPU
		{EBB6165E-4E5E-4DB3-B02E-914BA29F340B}.Debug|Any CPU.Build.0 = Debug|Any CPU
		{EBB6165E-4E5E-4DB3-B02E-914BA29F340B}.Release|Any CPU.ActiveCfg = Release|Any CPU
		{EBB6165E-4E5E-4DB3-B02E-914BA29F340B}.Release|Any CPU.Build.0 = Release|Any CPU
		{5051A708-6C07-4619-9CB2-99963DD9DCF4}.Debug|Any CPU.ActiveCfg = Debug|Any CPU
		{5051A708-6C07-4619-9CB2-99963DD9DCF4}.Debug|Any CPU.Build.0 = Debug|Any CPU
		{5051A708-6C07-4619-9CB2-99963DD9DCF4}.Release|Any CPU.ActiveCfg = Release|Any CPU
		{5051A708-6C07-4619-9CB2-99963DD9DCF4}.Release|Any CPU.Build.0 = Release|Any CPU
		{D365F350-D37E-443E-B344-C847240EC8B2}.Debug|Any CPU.ActiveCfg = Debug|Any CPU
		{D365F350-D37E-443E-B344-C847240EC8B2}.Debug|Any CPU.Build.0 = Debug|Any CPU
		{D365F350-D37E-443E-B344-C847240EC8B2}.Release|Any CPU.ActiveCfg = Release|Any CPU
		{D365F350-D37E-443E-B344-C847240EC8B2}.Release|Any CPU.Build.0 = Release|Any CPU
		{DE700AC2-EBD0-40E2-98BE-C985E60D726B}.Debug|Any CPU.ActiveCfg = Debug|Any CPU
		{DE700AC2-EBD0-40E2-98BE-C985E60D726B}.Debug|Any CPU.Build.0 = Debug|Any CPU
		{DE700AC2-EBD0-40E2-98BE-C985E60D726B}.Release|Any CPU.ActiveCfg = Release|Any CPU
		{DE700AC2-EBD0-40E2-98BE-C985E60D726B}.Release|Any CPU.Build.0 = Release|Any CPU
		{A4293078-5806-4A77-B6D4-8E441E6BA008}.Debug|Any CPU.ActiveCfg = Debug|Any CPU
		{A4293078-5806-4A77-B6D4-8E441E6BA008}.Debug|Any CPU.Build.0 = Debug|Any CPU
		{A4293078-5806-4A77-B6D4-8E441E6BA008}.Release|Any CPU.ActiveCfg = Release|Any CPU
		{A4293078-5806-4A77-B6D4-8E441E6BA008}.Release|Any CPU.Build.0 = Release|Any CPU
		{D3038B26-A864-45C9-9C52-89D7BA6D932A}.Debug|Any CPU.ActiveCfg = Debug|Any CPU
		{D3038B26-A864-45C9-9C52-89D7BA6D932A}.Debug|Any CPU.Build.0 = Debug|Any CPU
		{D3038B26-A864-45C9-9C52-89D7BA6D932A}.Release|Any CPU.ActiveCfg = Release|Any CPU
		{D3038B26-A864-45C9-9C52-89D7BA6D932A}.Release|Any CPU.Build.0 = Release|Any CPU
		{B6621F99-FF73-45B7-BFC4-00584BB3FBA8}.Debug|Any CPU.ActiveCfg = Debug|Any CPU
		{B6621F99-FF73-45B7-BFC4-00584BB3FBA8}.Debug|Any CPU.Build.0 = Debug|Any CPU
		{B6621F99-FF73-45B7-BFC4-00584BB3FBA8}.Release|Any CPU.ActiveCfg = Release|Any CPU
		{B6621F99-FF73-45B7-BFC4-00584BB3FBA8}.Release|Any CPU.Build.0 = Release|Any CPU
		{BFBCDBA7-006C-40E0-9D92-E8B1034D6293}.Debug|Any CPU.ActiveCfg = Debug|Any CPU
		{BFBCDBA7-006C-40E0-9D92-E8B1034D6293}.Debug|Any CPU.Build.0 = Debug|Any CPU
		{BFBCDBA7-006C-40E0-9D92-E8B1034D6293}.Release|Any CPU.ActiveCfg = Release|Any CPU
		{BFBCDBA7-006C-40E0-9D92-E8B1034D6293}.Release|Any CPU.Build.0 = Release|Any CPU
		{6D11A59B-0A64-4C73-8852-86C41C278E7F}.Debug|Any CPU.ActiveCfg = Debug|Any CPU
		{6D11A59B-0A64-4C73-8852-86C41C278E7F}.Debug|Any CPU.Build.0 = Debug|Any CPU
		{6D11A59B-0A64-4C73-8852-86C41C278E7F}.Release|Any CPU.ActiveCfg = Release|Any CPU
		{6D11A59B-0A64-4C73-8852-86C41C278E7F}.Release|Any CPU.Build.0 = Release|Any CPU
		{0DAB74A8-77AE-40D6-9FC8-C618A7BA6100}.Debug|Any CPU.ActiveCfg = Debug|Any CPU
		{0DAB74A8-77AE-40D6-9FC8-C618A7BA6100}.Debug|Any CPU.Build.0 = Debug|Any CPU
		{0DAB74A8-77AE-40D6-9FC8-C618A7BA6100}.Release|Any CPU.ActiveCfg = Release|Any CPU
		{0DAB74A8-77AE-40D6-9FC8-C618A7BA6100}.Release|Any CPU.Build.0 = Release|Any CPU
	EndGlobalSection
	GlobalSection(SolutionProperties) = preSolution
		HideSolutionNode = FALSE
	EndGlobalSection
EndGlobal
